Microsoft Visual Studio Solution File, Format Version 12.00
# Visual Studio Version 17
VisualStudioVersion = 17.0.31903.59
MinimumVisualStudioVersion = 10.0.40219.1
Project("{FAE04EC0-301F-11D3-BF4B-00C04F79EFBC}") = "PharmacyInventoryWinForms", "PharmacyInventoryWinForms\PharmacyInventoryWinForms.csproj", "{AB2E0A4D-733E-4B24-8E7A-1F8E2B9B9D10}"
EndProject
Global
	GlobalSection(SolutionConfigurationPlatforms) = preSolution
		Debug|Any CPU = Debug|Any CPU
		Release|Any CPU = Release|Any CPU
	EndGlobalSection
	GlobalSection(ProjectConfigurationPlatforms) = postSolution
		{AB2E0A4D-733E-4B24-8E7A-1F8E2B9B9D10}.Debug|Any CPU.ActiveCfg = Debug|Any CPU
		{AB2E0A4D-733E-4B24-8E7A-1F8E2B9B9D10}.Debug|Any CPU.Build.0 = Debug|Any CPU
		{AB2E0A4D-733E-4B24-8E7A-1F8E2B9B9D10}.Release|Any CPU.ActiveCfg = Release|Any CPU
		{AB2E0A4D-733E-4B24-8E7A-1F8E2B9B9D10}.Release|Any CPU.Build.0 = Release|Any CPU
	EndGlobalSection
	GlobalSection(SolutionProperties) = preSolution
		HideSolutionNode = FALSE
	EndGlobalSection
EndGlobal